<?xml version="1.0" encoding="utf-8"?>
<Project ToolsVersion="4.0" xmlns="http://schemas.microsoft.com/developer/msbuild/2003">
  <ItemGroup>
    <Filter Include="Source Files">
      <UniqueIdentifier>{4FC737F1-C7A5-4376-A066-2A32D752A2FF}</UniqueIdentifier>
      <Extensions>cpp;c;cc;cxx;c++;cppm;ixx;def;odl;idl;hpj;bat;asm;asmx</Extensions>
    </Filter>
    <Filter Include="Header Files">
      <UniqueIdentifier>{93995380-89BD-4b04-88EB-625FBE52EBFB}</UniqueIdentifier>
      <Extensions>h;hh;hpp;hxx;h++;hm;inl;inc;ipp;xsd</Extensions>
    </Filter>
    <Filter Include="Resource Files">
      <UniqueIdentifier>{67DA6AB6-F800-4c08-8B7A-83BB121AAD01}</UniqueIdentifier>
      <Extensions>rc;ico;cur;bmp;dlg;rc2;rct;bin;rgs;gif;jpg;jpeg;jpe;resx;tiff;tif;png;wav;mfcribbon-ms</Extensions>
    </Filter>
  </ItemGroup>
  <ItemGroup>
    <ClCompile Include="sparkle.cpp">
      <Filter>Source Files</Filter>
    </ClCompile>
    <ClCompile Include="sd.cpp">
      <Filter>Source Files</Filter>
    </ClCompile>
    <ClCompile Include="ascii2dirart.cpp">
      <Filter>Source Files</Filter>
    </ClCompile>
    <ClCompile Include="petscii2dirart.cpp">
      <Filter>Source Files</Filter>
    </ClCompile>
    <ClCompile Include="ss.cpp">
      <Filter>Source Files</Filter>
    </ClCompile>
    <ClCompile Include="ssio.cpp">
      <Filter>Source Files</Filter>
    </ClCompile>
    <ClCompile Include="packer.cpp">
      <Filter>Source Files</Filter>
    </ClCompile>
    <ClCompile Include="loader.cpp">
      <Filter>Source Files</Filter>
    </ClCompile>
    <ClCompile Include="sf.cpp">
      <Filter>Source Files</Filter>
    </ClCompile>
    <ClCompile Include="thirdparty\tinyexpr.cpp">
      <Filter>Source Files</Filter>
    </ClCompile>
    <ClCompile Include="thirdparty\lodepng.cpp">
      <Filter>Source Files</Filter>
    </ClCompile>
    <ClCompile Include="charsettab.cpp">
      <Filter>Source Files</Filter>
    </ClCompile>
    <ClCompile Include="pixelcnttab.cpp">
      <Filter>Source Files</Filter>
    </ClCompile>
  </ItemGroup>
  <ItemGroup>
    <ClInclude Include="common.h">
      <Filter>Header Files</Filter>
    </ClInclude>
    <ClInclude Include="resource.h">
      <Filter>Header Files</Filter>
    </ClInclude>
    <ClInclude Include="thirdparty\tinyexpr.h">
      <Filter>Header Files</Filter>
    </ClInclude>
    <ClInclude Include="thirdparty\lodepng.h">
      <Filter>Header Files</Filter>
    </ClInclude>
  </ItemGroup>
  <ItemGroup>
    <ResourceCompile Include="sparkle.rc">
      <Filter>Resource Files</Filter>
    </ResourceCompile>
  </ItemGroup>
  <ItemGroup>
    <Image Include="sparkle.ico">
      <Filter>Resource Files</Filter>
    </Image>
  </ItemGroup>
  <ItemGroup>
    <None Include="Resources\Sparkle.inc">
      <Filter>Header Files</Filter>
    </None>
    <None Include="Resources\Ascii2DirArt.bin">
      <Filter>Resource Files</Filter>
    </None>
    <None Include="Resources\Petscii2DirArt.bin">
      <Filter>Resource Files</Filter>
    </None>
    <None Include="Resources\sd.asm">
      <Filter>Source Files</Filter>
    </None>
    <None Include="Resources\sl.asm">
      <Filter>Source Files</Filter>
    </None>
    <None Include="Resources\ss.asm">
      <Filter>Source Files</Filter>
    </None>
    <None Include="makefile" />
    <None Include="resources\sf.asm">
      <Filter>Source Files</Filter>
    </None>
  </ItemGroup>
</Project>